
Microsoft Visual Studio Solution File, Format Version 12.00
# Visual Studio Version 17
VisualStudioVersion = 17.13.35825.156 d17.13
MinimumVisualStudioVersion = 10.0.40219.1
Project("{FAE04EC0-301F-11D3-BF4B-00C04F79EFBC}") = "LinqPad.X", "LinqPad.X\LinqPad.X.csproj", "{B664EF8F-6ED9-4C5A-90BB-2DCC4B33904B}"
EndProject
Global
	GlobalSection(SolutionConfigurationPlatforms) = preSolution
		Debug|Any CPU = Debug|Any CPU
		Release|Any CPU = Release|Any CPU
	EndGlobalSection
	GlobalSection(ProjectConfigurationPlatforms) = postSolution
		{B664EF8F-6ED9-4C5A-90BB-2DCC4B33904B}.Debug|Any CPU.ActiveCfg = Debug|Any CPU
		{B664EF8F-6ED9-4C5A-90BB-2DCC4B33904B}.Debug|Any CPU.Build.0 = Debug|Any CPU
		{B664EF8F-6ED9-4C5A-90BB-2DCC4B33904B}.Release|Any CPU.ActiveCfg = Release|Any CPU
		{B664EF8F-6ED9-4C5A-90BB-2DCC4B33904B}.Release|Any CPU.Build.0 = Release|Any CPU
	EndGlobalSection
	GlobalSection(SolutionProperties) = preSolution
		HideSolutionNode = FALSE
	EndGlobalSection
	GlobalSection(ExtensibilityGlobals) = postSolution
		SolutionGuid = {583D5AB0-CB6E-49D3-8FC5-3B7FEEECC16A}
	EndGlobalSection
EndGlobal
